// !$*UTF8*$!
{
	archiveVersion = 1;
	classes = {
	};
	objectVersion = 56;
	objects = {

/* Begin PBXBuildFile section */
		6E9A39F92C5CE63F00C85781 /* swiftuifirebasestudyApp.swift in Sources */ = {isa = PBXBuildFile; fileRef = 6E9A39F82C5CE63F00C85781 /* swiftuifirebasestudyApp.swift */; };
		6E9A39FB2C5CE63F00C85781 /* ContentView.swift in Sources */ = {isa = PBXBuildFile; fileRef = 6E9A39FA2C5CE63F00C85781 /* ContentView.swift */; };
		6E9A39FD2C5CE64200C85781 /* Assets.xcassets in Resources */ = {isa = PBXBuildFile; fileRef = 6E9A39FC2C5CE64200C85781 /* Assets.xcassets */; };
		6E9A3A002C5CE64200C85781 /* Preview Assets.xcassets in Resources */ = {isa = PBXBuildFile; fileRef = 6E9A39FF2C5CE64200C85781 /* Preview Assets.xcassets */; };
		6E9A3A082C5CE92C00C85781 /* FirebaseAnalytics in Frameworks */ = {isa = PBXBuildFile; productRef = 6E9A3A072C5CE92C00C85781 /* FirebaseAnalytics */; };
		6E9A3A0A2C5CE92C00C85781 /* FirebaseAnalyticsOnDeviceConversion in Frameworks */ = {isa = PBXBuildFile; productRef = 6E9A3A092C5CE92C00C85781 /* FirebaseAnalyticsOnDeviceConversion */; };
		6E9A3A0C2C5CE92C00C85781 /* FirebaseAnalyticsWithoutAdIdSupport in Frameworks */ = {isa = PBXBuildFile; productRef = 6E9A3A0B2C5CE92C00C85781 /* FirebaseAnalyticsWithoutAdIdSupport */; };
		6E9A3A0E2C5CE92C00C85781 /* FirebaseAppCheck in Frameworks */ = {isa = PBXBuildFile; productRef = 6E9A3A0D2C5CE92C00C85781 /* FirebaseAppCheck */; };
		6E9A3A102C5CE92C00C85781 /* FirebaseAppDistribution-Beta in Frameworks */ = {isa = PBXBuildFile; productRef = 6E9A3A0F2C5CE92C00C85781 /* FirebaseAppDistribution-Beta */; };
		6E9A3A122C5CE92C00C85781 /* FirebaseAuth in Frameworks */ = {isa = PBXBuildFile; productRef = 6E9A3A112C5CE92C00C85781 /* FirebaseAuth */; };
		6E9A3A142C5CE92C00C85781 /* FirebaseAuthCombine-Community in Frameworks */ = {isa = PBXBuildFile; productRef = 6E9A3A132C5CE92C00C85781 /* FirebaseAuthCombine-Community */; };
		6E9A3A162C5CE92C00C85781 /* FirebaseCrashlytics in Frameworks */ = {isa = PBXBuildFile; productRef = 6E9A3A152C5CE92C00C85781 /* FirebaseCrashlytics */; };
		6E9A3A182C5CE92C00C85781 /* FirebaseDatabase in Frameworks */ = {isa = PBXBuildFile; productRef = 6E9A3A172C5CE92C00C85781 /* FirebaseDatabase */; };
		6E9A3A1A2C5CE92C00C85781 /* FirebaseDynamicLinks in Frameworks */ = {isa = PBXBuildFile; productRef = 6E9A3A192C5CE92C00C85781 /* FirebaseDynamicLinks */; };
		6E9A3A1C2C5CE92C00C85781 /* FirebaseFirestore in Frameworks */ = {isa = PBXBuildFile; productRef = 6E9A3A1B2C5CE92C00C85781 /* FirebaseFirestore */; };
		6E9A3A1E2C5CE92C00C85781 /* FirebaseFirestoreCombine-Community in Frameworks */ = {isa = PBXBuildFile; productRef = 6E9A3A1D2C5CE92C00C85781 /* FirebaseFirestoreCombine-Community */; };
		6E9A3A202C5CE92C00C85781 /* FirebaseFunctions in Frameworks */ = {isa = PBXBuildFile; productRef = 6E9A3A1F2C5CE92C00C85781 /* FirebaseFunctions */; };
		6E9A3A222C5CE92C00C85781 /* FirebaseFunctionsCombine-Community in Frameworks */ = {isa = PBXBuildFile; productRef = 6E9A3A212C5CE92C00C85781 /* FirebaseFunctionsCombine-Community */; };
		6E9A3A242C5CE92C00C85781 /* FirebaseInAppMessaging-Beta in Frameworks */ = {isa = PBXBuildFile; productRef = 6E9A3A232C5CE92C00C85781 /* FirebaseInAppMessaging-Beta */; };
		6E9A3A262C5CE92C00C85781 /* FirebaseInstallations in Frameworks */ = {isa = PBXBuildFile; productRef = 6E9A3A252C5CE92C00C85781 /* FirebaseInstallations */; };
		6E9A3A282C5CE92C00C85781 /* FirebaseMLModelDownloader in Frameworks */ = {isa = PBXBuildFile; productRef = 6E9A3A272C5CE92C00C85781 /* FirebaseMLModelDownloader */; };
		6E9A3A2A2C5CE92C00C85781 /* FirebaseMessaging in Frameworks */ = {isa = PBXBuildFile; productRef = 6E9A3A292C5CE92C00C85781 /* FirebaseMessaging */; };
		6E9A3A2C2C5CE92C00C85781 /* FirebasePerformance in Frameworks */ = {isa = PBXBuildFile; productRef = 6E9A3A2B2C5CE92C00C85781 /* FirebasePerformance */; };
		6E9A3A2E2C5CE92C00C85781 /* FirebaseRemoteConfig in Frameworks */ = {isa = PBXBuildFile; productRef = 6E9A3A2D2C5CE92C00C85781 /* FirebaseRemoteConfig */; };
		6E9A3A302C5CE92C00C85781 /* FirebaseStorage in Frameworks */ = {isa = PBXBuildFile; productRef = 6E9A3A2F2C5CE92C00C85781 /* FirebaseStorage */; };
		6E9A3A322C5CE92C00C85781 /* FirebaseStorageCombine-Community in Frameworks */ = {isa = PBXBuildFile; productRef = 6E9A3A312C5CE92C00C85781 /* FirebaseStorageCombine-Community */; };
		6E9A3A342C5CE92C00C85781 /* FirebaseVertexAI-Preview in Frameworks */ = {isa = PBXBuildFile; productRef = 6E9A3A332C5CE92C00C85781 /* FirebaseVertexAI-Preview */; };
		6E9A3A362C5CE97800C85781 /* Kisiler.swift in Sources */ = {isa = PBXBuildFile; fileRef = 6E9A3A352C5CE97800C85781 /* Kisiler.swift */; };
		6E9A3A382C5CEBDC00C85781 /* UserDAO.swift in Sources */ = {isa = PBXBuildFile; fileRef = 6E9A3A372C5CEBDC00C85781 /* UserDAO.swift */; };
		6E9A3A3A2C5CF0E300C85781 /* GoogleService-Info.plist in Resources */ = {isa = PBXBuildFile; fileRef = 6E9A3A392C5CF0E300C85781 /* GoogleService-Info.plist */; };
/* End PBXBuildFile section */

/* Begin PBXFileReference section */
		6E9A39F52C5CE63F00C85781 /* swiftuifirebasestudy.app */ = {isa = PBXFileReference; explicitFileType = wrapper.application; includeInIndex = 0; path = swiftuifirebasestudy.app; sourceTree = BUILT_PRODUCTS_DIR; };
		6E9A39F82C5CE63F00C85781 /* swiftuifirebasestudyApp.swift */ = {isa = PBXFileReference; lastKnownFileType = sourcecode.swift; path = swiftuifirebasestudyApp.swift; sourceTree = "<group>"; };
		6E9A39FA2C5CE63F00C85781 /* ContentView.swift */ = {isa = PBXFileReference; lastKnownFileType = sourcecode.swift; path = ContentView.swift; sourceTree = "<group>"; };
		6E9A39FC2C5CE64200C85781 /* Assets.xcassets */ = {isa = PBXFileReference; lastKnownFileType = folder.assetcatalog; path = Assets.xcassets; sourceTree = "<group>"; };
		6E9A39FF2C5CE64200C85781 /* Preview Assets.xcassets */ = {isa = PBXFileReference; lastKnownFileType = folder.assetcatalog; path = "Preview Assets.xcassets"; sourceTree = "<group>"; };
		6E9A3A352C5CE97800C85781 /* Kisiler.swift */ = {isa = PBXFileReference; lastKnownFileType = sourcecode.swift; path = Kisiler.swift; sourceTree = "<group>"; };
		6E9A3A372C5CEBDC00C85781 /* UserDAO.swift */ = {isa = PBXFileReference; lastKnownFileType = sourcecode.swift; path = UserDAO.swift; sourceTree = "<group>"; };
		6E9A3A392C5CF0E300C85781 /* GoogleService-Info.plist */ = {isa = PBXFileReference; fileEncoding = 4; lastKnownFileType = text.plist.xml; path = "GoogleService-Info.plist"; sourceTree = "<group>"; };
		6E9A3A3B2C5CF21000C85781 /* Info.plist */ = {isa = PBXFileReference; lastKnownFileType = text.plist; path = Info.plist; sourceTree = "<group>"; };
/* End PBXFileReference section */

/* Begin PBXFrameworksBuildPhase section */
		6E9A39F22C5CE63F00C85781 /* Frameworks */ = {
			isa = PBXFrameworksBuildPhase;
			buildActionMask = 2147483647;
			files = (
				6E9A3A322C5CE92C00C85781 /* FirebaseStorageCombine-Community in Frameworks */,
				6E9A3A2A2C5CE92C00C85781 /* FirebaseMessaging in Frameworks */,
				6E9A3A282C5CE92C00C85781 /* FirebaseMLModelDownloader in Frameworks */,
				6E9A3A0E2C5CE92C00C85781 /* FirebaseAppCheck in Frameworks */,
				6E9A3A122C5CE92C00C85781 /* FirebaseAuth in Frameworks */,
				6E9A3A082C5CE92C00C85781 /* FirebaseAnalytics in Frameworks */,
				6E9A3A102C5CE92C00C85781 /* FirebaseAppDistribution-Beta in Frameworks */,
				6E9A3A0C2C5CE92C00C85781 /* FirebaseAnalyticsWithoutAdIdSupport in Frameworks */,
				6E9A3A162C5CE92C00C85781 /* FirebaseCrashlytics in Frameworks */,
				6E9A3A182C5CE92C00C85781 /* FirebaseDatabase in Frameworks */,
				6E9A3A222C5CE92C00C85781 /* FirebaseFunctionsCombine-Community in Frameworks */,
				6E9A3A142C5CE92C00C85781 /* FirebaseAuthCombine-Community in Frameworks */,
				6E9A3A302C5CE92C00C85781 /* FirebaseStorage in Frameworks */,
				6E9A3A0A2C5CE92C00C85781 /* FirebaseAnalyticsOnDeviceConversion in Frameworks */,
				6E9A3A202C5CE92C00C85781 /* FirebaseFunctions in Frameworks */,
				6E9A3A262C5CE92C00C85781 /* FirebaseInstallations in Frameworks */,
				6E9A3A2C2C5CE92C00C85781 /* FirebasePerformance in Frameworks */,
				6E9A3A1E2C5CE92C00C85781 /* FirebaseFirestoreCombine-Community in Frameworks */,
				6E9A3A1C2C5CE92C00C85781 /* FirebaseFirestore in Frameworks */,
				6E9A3A1A2C5CE92C00C85781 /* FirebaseDynamicLinks in Frameworks */,
				6E9A3A242C5CE92C00C85781 /* FirebaseInAppMessaging-Beta in Frameworks */,
				6E9A3A342C5CE92C00C85781 /* FirebaseVertexAI-Preview in Frameworks */,
				6E9A3A2E2C5CE92C00C85781 /* FirebaseRemoteConfig in Frameworks */,
			);
			runOnlyForDeploymentPostprocessing = 0;
		};
/* End PBXFrameworksBuildPhase section */

/* Begin PBXGroup section */
		6E9A39EC2C5CE63F00C85781 = {
			isa = PBXGroup;
			children = (
				6E9A39F72C5CE63F00C85781 /* swiftuifirebasestudy */,
				6E9A39F62C5CE63F00C85781 /* Products */,
			);
			sourceTree = "<group>";
		};
		6E9A39F62C5CE63F00C85781 /* Products */ = {
			isa = PBXGroup;
			children = (
				6E9A39F52C5CE63F00C85781 /* swiftuifirebasestudy.app */,
			);
			name = Products;
			sourceTree = "<group>";
		};
		6E9A39F72C5CE63F00C85781 /* swiftuifirebasestudy */ = {
			isa = PBXGroup;
			children = (
				6E9A3A3B2C5CF21000C85781 /* Info.plist */,
				6E9A3A392C5CF0E300C85781 /* GoogleService-Info.plist */,
				6E9A39F82C5CE63F00C85781 /* swiftuifirebasestudyApp.swift */,
				6E9A39FA2C5CE63F00C85781 /* ContentView.swift */,
				6E9A39FC2C5CE64200C85781 /* Assets.xcassets */,
				6E9A39FE2C5CE64200C85781 /* Preview Content */,
				6E9A3A352C5CE97800C85781 /* Kisiler.swift */,
				6E9A3A372C5CEBDC00C85781 /* UserDAO.swift */,
			);
			path = swiftuifirebasestudy;
			sourceTree = "<group>";
		};
		6E9A39FE2C5CE64200C85781 /* Preview Content */ = {
			isa = PBXGroup;
			children = (
				6E9A39FF2C5CE64200C85781 /* Preview Assets.xcassets */,
			);
			path = "Preview Content";
			sourceTree = "<group>";
		};
/* End PBXGroup section */

/* Begin PBXNativeTarget section */
		6E9A39F42C5CE63F00C85781 /* swiftuifirebasestudy */ = {
			isa = PBXNativeTarget;
			buildConfigurationList = 6E9A3A032C5CE64200C85781 /* Build configuration list for PBXNativeTarget "swiftuifirebasestudy" */;
			buildPhases = (
				6E9A39F12C5CE63F00C85781 /* Sources */,
				6E9A39F22C5CE63F00C85781 /* Frameworks */,
				6E9A39F32C5CE63F00C85781 /* Resources */,
			);
			buildRules = (
			);
			dependencies = (
			);
			name = swiftuifirebasestudy;
			packageProductDependencies = (
				6E9A3A072C5CE92C00C85781 /* FirebaseAnalytics */,
				6E9A3A092C5CE92C00C85781 /* FirebaseAnalyticsOnDeviceConversion */,
				6E9A3A0B2C5CE92C00C85781 /* FirebaseAnalyticsWithoutAdIdSupport */,
				6E9A3A0D2C5CE92C00C85781 /* FirebaseAppCheck */,
				6E9A3A0F2C5CE92C00C85781 /* FirebaseAppDistribution-Beta */,
				6E9A3A112C5CE92C00C85781 /* FirebaseAuth */,
				6E9A3A132C5CE92C00C85781 /* FirebaseAuthCombine-Community */,
				6E9A3A152C5CE92C00C85781 /* FirebaseCrashlytics */,
				6E9A3A172C5CE92C00C85781 /* FirebaseDatabase */,
				6E9A3A192C5CE92C00C85781 /* FirebaseDynamicLinks */,
				6E9A3A1B2C5CE92C00C85781 /* FirebaseFirestore */,
				6E9A3A1D2C5CE92C00C85781 /* FirebaseFirestoreCombine-Community */,
				6E9A3A1F2C5CE92C00C85781 /* FirebaseFunctions */,
				6E9A3A212C5CE92C00C85781 /* FirebaseFunctionsCombine-Community */,
				6E9A3A232C5CE92C00C85781 /* FirebaseInAppMessaging-Beta */,
				6E9A3A252C5CE92C00C85781 /* FirebaseInstallations */,
				6E9A3A272C5CE92C00C85781 /* FirebaseMLModelDownloader */,
				6E9A3A292C5CE92C00C85781 /* FirebaseMessaging */,
				6E9A3A2B2C5CE92C00C85781 /* FirebasePerformance */,
				6E9A3A2D2C5CE92C00C85781 /* FirebaseRemoteConfig */,
				6E9A3A2F2C5CE92C00C85781 /* FirebaseStorage */,
				6E9A3A312C5CE92C00C85781 /* FirebaseStorageCombine-Community */,
				6E9A3A332C5CE92C00C85781 /* FirebaseVertexAI-Preview */,
			);
			productName = swiftuifirebasestudy;
			productReference = 6E9A39F52C5CE63F00C85781 /* swiftuifirebasestudy.app */;
			productType = "com.apple.product-type.application";
		};
/* End PBXNativeTarget section */

/* Begin PBXProject section */
		6E9A39ED2C5CE63F00C85781 /* Project object */ = {
			isa = PBXProject;
			attributes = {
				BuildIndependentTargetsInParallel = 1;
				LastSwiftUpdateCheck = 1500;
				LastUpgradeCheck = 1500;
				TargetAttributes = {
					6E9A39F42C5CE63F00C85781 = {
						CreatedOnToolsVersion = 15.0.1;
					};
				};
			};
			buildConfigurationList = 6E9A39F02C5CE63F00C85781 /* Build configuration list for PBXProject "swiftuifirebasestudy" */;
			compatibilityVersion = "Xcode 14.0";
			developmentRegion = en;
			hasScannedForEncodings = 0;
			knownRegions = (
				en,
				Base,
			);
			mainGroup = 6E9A39EC2C5CE63F00C85781;
			packageReferences = (
				6E9A3A062C5CE92C00C85781 /* XCRemoteSwiftPackageReference "firebase-ios-sdk" */,
			);
			productRefGroup = 6E9A39F62C5CE63F00C85781 /* Products */;
			projectDirPath = "";
			projectRoot = "";
			targets = (
				6E9A39F42C5CE63F00C85781 /* swiftuifirebasestudy */,
			);
		};
/* End PBXProject section */

/* Begin PBXResourcesBuildPhase section */
		6E9A39F32C5CE63F00C85781 /* Resources */ = {
			isa = PBXResourcesBuildPhase;
			buildActionMask = 2147483647;
			files = (
				6E9A3A002C5CE64200C85781 /* Preview Assets.xcassets in Resources */,
				6E9A39FD2C5CE64200C85781 /* Assets.xcassets in Resources */,
				6E9A3A3A2C5CF0E300C85781 /* GoogleService-Info.plist in Resources */,
			);
			runOnlyForDeploymentPostprocessing = 0;
		};
/* End PBXResourcesBuildPhase section */

/* Begin PBXSourcesBuildPhase section */
		6E9A39F12C5CE63F00C85781 /* Sources */ = {
			isa = PBXSourcesBuildPhase;
			buildActionMask = 2147483647;
			files = (
				6E9A39FB2C5CE63F00C85781 /* ContentView.swift in Sources */,
				6E9A39F92C5CE63F00C85781 /* swiftuifirebasestudyApp.swift in Sources */,
				6E9A3A362C5CE97800C85781 /* Kisiler.swift in Sources */,
				6E9A3A382C5CEBDC00C85781 /* UserDAO.swift in Sources */,
			);
			runOnlyForDeploymentPostprocessing = 0;
		};
/* End PBXSourcesBuildPhase section */

/* Begin XCBuildConfiguration section */
		6E9A3A012C5CE64200C85781 /* Debug */ = {
			isa = XCBuildConfiguration;
			buildSettings = {
				ALWAYS_SEARCH_USER_PATHS = NO;
				ASSETCATALOG_COMPILER_GENERATE_SWIFT_ASSET_SYMBOL_EXTENSIONS = YES;
				CLANG_ANALYZER_NONNULL = YES;
				CLANG_ANALYZER_NUMBER_OBJECT_CONVERSION = YES_AGGRESSIVE;
				CLANG_CXX_LANGUAGE_STANDARD = "gnu++20";
				CLANG_ENABLE_MODULES = YES;
				CLANG_ENABLE_OBJC_ARC = YES;
				CLANG_ENABLE_OBJC_WEAK = YES;
				CLANG_WARN_BLOCK_CAPTURE_AUTORELEASING = YES;
				CLANG_WARN_BOOL_CONVERSION = YES;
				CLANG_WARN_COMMA = YES;
				CLANG_WARN_CONSTANT_CONVERSION = YES;
				CLANG_WARN_DEPRECATED_OBJC_IMPLEMENTATIONS = YES;
				CLANG_WARN_DIRECT_OBJC_ISA_USAGE = YES_ERROR;
				CLANG_WARN_DOCUMENTATION_COMMENTS = YES;
				CLANG_WARN_EMPTY_BODY = YES;
				CLANG_WARN_ENUM_CONVERSION = YES;
				CLANG_WARN_INFINITE_RECURSION = YES;
				CLANG_WARN_INT_CONVERSION = YES;
				CLANG_WARN_NON_LITERAL_NULL_CONVERSION = YES;
				CLANG_WARN_OBJC_IMPLICIT_RETAIN_SELF = YES;
				CLANG_WARN_OBJC_LITERAL_CONVERSION = YES;
				CLANG_WARN_OBJC_ROOT_CLASS = YES_ERROR;
				CLANG_WARN_QUOTED_INCLUDE_IN_FRAMEWORK_HEADER = YES;
				CLANG_WARN_RANGE_LOOP_ANALYSIS = YES;
				CLANG_WARN_STRICT_PROTOTYPES = YES;
				CLANG_WARN_SUSPICIOUS_MOVE = YES;
				CLANG_WARN_UNGUARDED_AVAILABILITY = YES_AGGRESSIVE;
				CLANG_WARN_UNREACHABLE_CODE = YES;
				CLANG_WARN__DUPLICATE_METHOD_MATCH = YES;
				COPY_PHASE_STRIP = NO;
				DEBUG_INFORMATION_FORMAT = dwarf;
				ENABLE_STRICT_OBJC_MSGSEND = YES;
				ENABLE_TESTABILITY = YES;
				ENABLE_USER_SCRIPT_SANDBOXING = YES;
				GCC_C_LANGUAGE_STANDARD = gnu17;
				GCC_DYNAMIC_NO_PIC = NO;
				GCC_NO_COMMON_BLOCKS = YES;
				GCC_OPTIMIZATION_LEVEL = 0;
				GCC_PREPROCESSOR_DEFINITIONS = (
					"DEBUG=1",
					"$(inherited)",
				);
				GCC_WARN_64_TO_32_BIT_CONVERSION = YES;
				GCC_WARN_ABOUT_RETURN_TYPE = YES_ERROR;
				GCC_WARN_UNDECLARED_SELECTOR = YES;
				GCC_WARN_UNINITIALIZED_AUTOS = YES_AGGRESSIVE;
				GCC_WARN_UNUSED_FUNCTION = YES;
				GCC_WARN_UNUSED_VARIABLE = YES;
				IPHONEOS_DEPLOYMENT_TARGET = 17.0;
				LOCALIZATION_PREFERS_STRING_CATALOGS = YES;
				MTL_ENABLE_DEBUG_INFO = INCLUDE_SOURCE;
				MTL_FAST_MATH = YES;
				ONLY_ACTIVE_ARCH = YES;
				SDKROOT = iphoneos;
				SWIFT_ACTIVE_COMPILATION_CONDITIONS = "DEBUG $(inherited)";
				SWIFT_OPTIMIZATION_LEVEL = "-Onone";
			};
			name = Debug;
		};
		6E9A3A022C5CE64200C85781 /* Release */ = {
			isa = XCBuildConfiguration;
			buildSettings = {
				ALWAYS_SEARCH_USER_PATHS = NO;
				ASSETCATALOG_COMPILER_GENERATE_SWIFT_ASSET_SYMBOL_EXTENSIONS = YES;
				CLANG_ANALYZER_NONNULL = YES;
				CLANG_ANALYZER_NUMBER_OBJECT_CONVERSION = YES_AGGRESSIVE;
				CLANG_CXX_LANGUAGE_STANDARD = "gnu++20";
				CLANG_ENABLE_MODULES = YES;
				CLANG_ENABLE_OBJC_ARC = YES;
				CLANG_ENABLE_OBJC_WEAK = YES;
				CLANG_WARN_BLOCK_CAPTURE_AUTORELEASING = YES;
				CLANG_WARN_BOOL_CONVERSION = YES;
				CLANG_WARN_COMMA = YES;
				CLANG_WARN_CONSTANT_CONVERSION = YES;
				CLANG_WARN_DEPRECATED_OBJC_IMPLEMENTATIONS = YES;
				CLANG_WARN_DIRECT_OBJC_ISA_USAGE = YES_ERROR;
				CLANG_WARN_DOCUMENTATION_COMMENTS = YES;
				CLANG_WARN_EMPTY_BODY = YES;
				CLANG_WARN_ENUM_CONVERSION = YES;
				CLANG_WARN_INFINITE_RECURSION = YES;
				CLANG_WARN_INT_CONVERSION = YES;
				CLANG_WARN_NON_LITERAL_NULL_CONVERSION = YES;
				CLANG_WARN_OBJC_IMPLICIT_RETAIN_SELF = YES;
				CLANG_WARN_OBJC_LITERAL_CONVERSION = YES;
				CLANG_WARN_OBJC_ROOT_CLASS = YES_ERROR;
				CLANG_WARN_QUOTED_INCLUDE_IN_FRAMEWORK_HEADER = YES;
				CLANG_WARN_RANGE_LOOP_ANALYSIS = YES;
				CLANG_WARN_STRICT_PROTOTYPES = YES;
				CLANG_WARN_SUSPICIOUS_MOVE = YES;
				CLANG_WARN_UNGUARDED_AVAILABILITY = YES_AGGRESSIVE;
				CLANG_WARN_UNREACHABLE_CODE = YES;
				CLANG_WARN__DUPLICATE_METHOD_MATCH = YES;
				COPY_PHASE_STRIP = NO;
				DEBUG_INFORMATION_FORMAT = "dwarf-with-dsym";
				ENABLE_NS_ASSERTIONS = NO;
				ENABLE_STRICT_OBJC_MSGSEND = YES;
				ENABLE_USER_SCRIPT_SANDBOXING = YES;
				GCC_C_LANGUAGE_STANDARD = gnu17;
				GCC_NO_COMMON_BLOCKS = YES;
				GCC_WARN_64_TO_32_BIT_CONVERSION = YES;
				GCC_WARN_ABOUT_RETURN_TYPE = YES_ERROR;
				GCC_WARN_UNDECLARED_SELECTOR = YES;
				GCC_WARN_UNINITIALIZED_AUTOS = YES_AGGRESSIVE;
				GCC_WARN_UNUSED_FUNCTION = YES;
				GCC_WARN_UNUSED_VARIABLE = YES;
				IPHONEOS_DEPLOYMENT_TARGET = 17.0;
				LOCALIZATION_PREFERS_STRING_CATALOGS = YES;
				MTL_ENABLE_DEBUG_INFO = NO;
				MTL_FAST_MATH = YES;
				SDKROOT = iphoneos;
				SWIFT_COMPILATION_MODE = wholemodule;
				VALIDATE_PRODUCT = YES;
			};
			name = Release;
		};
		6E9A3A042C5CE64200C85781 /* Debug */ = {
			isa = XCBuildConfiguration;
			buildSettings = {
				ASSETCATALOG_COMPILER_APPICON_NAME = AppIcon;
				ASSETCATALOG_COMPILER_GLOBAL_ACCENT_COLOR_NAME = AccentColor;
				CODE_SIGN_STYLE = Automatic;
				CURRENT_PROJECT_VERSION = 1;
				DEVELOPMENT_ASSET_PATHS = "\"swiftuifirebasestudy/Preview Content\"";
				ENABLE_PREVIEWS = YES;
				GENERATE_INFOPLIST_FILE = YES;
				INFOPLIST_FILE = swiftuifirebasestudy/Info.plist;
				INFOPLIST_KEY_UIApplicationSceneManifest_Generation = YES;
				INFOPLIST_KEY_UIApplicationSupportsIndirectInputEvents = YES;
				INFOPLIST_KEY_UILaunchScreen_Generation = YES;
				INFOPLIST_KEY_UISupportedInterfaceOrientations_iPad = "UIInterfaceOrientationPortrait UIInterfaceOrientationPortraitUpsideDown UIInterfaceOrientationLandscapeLeft UIInterfaceOrientationLandscapeRight";
				INFOPLIST_KEY_UISupportedInterfaceOrientations_iPhone = "UIInterfaceOrientationPortrait UIInterfaceOrientationLandscapeLeft UIInterfaceOrientationLandscapeRight";
				LD_RUNPATH_SEARCH_PATHS = (
					"$(inherited)",
					"@executable_path/Frameworks",
				);
				MARKETING_VERSION = 1.0;
				PRODUCT_BUNDLE_IDENTIFIER = com.kenant42.swiftuifirebasestudy;
				PRODUCT_NAME = "$(TARGET_NAME)";
				SWIFT_EMIT_LOC_STRINGS = YES;
				SWIFT_VERSION = 5.0;
				TARGETED_DEVICE_FAMILY = "1,2";
			};
			name = Debug;
		};
		6E9A3A052C5CE64200C85781 /* Release */ = {
			isa = XCBuildConfiguration;
			buildSettings = {
				ASSETCATALOG_COMPILER_APPICON_NAME = AppIcon;
				ASSETCATALOG_COMPILER_GLOBAL_ACCENT_COLOR_NAME = AccentColor;
				CODE_SIGN_STYLE = Automatic;
				CURRENT_PROJECT_VERSION = 1;
				DEVELOPMENT_ASSET_PATHS = "\"swiftuifirebasestudy/Preview Content\"";
				ENABLE_PREVIEWS = YES;
				GENERATE_INFOPLIST_FILE = YES;
				INFOPLIST_FILE = swiftuifirebasestudy/Info.plist;
				INFOPLIST_KEY_UIApplicationSceneManifest_Generation = YES;
				INFOPLIST_KEY_UIApplicationSupportsIndirectInputEvents = YES;
				INFOPLIST_KEY_UILaunchScreen_Generation = YES;
				INFOPLIST_KEY_UISupportedInterfaceOrientations_iPad = "UIInterfaceOrientationPortrait UIInterfaceOrientationPortraitUpsideDown UIInterfaceOrientationLandscapeLeft UIInterfaceOrientationLandscapeRight";
				INFOPLIST_KEY_UISupportedInterfaceOrientations_iPhone = "UIInterfaceOrientationPortrait UIInterfaceOrientationLandscapeLeft UIInterfaceOrientationLandscapeRight";
				LD_RUNPATH_SEARCH_PATHS = (
					"$(inherited)",
					"@executable_path/Frameworks",
				);
				MARKETING_VERSION = 1.0;
				PRODUCT_BUNDLE_IDENTIFIER = com.kenant42.swiftuifirebasestudy;
				PRODUCT_NAME = "$(TARGET_NAME)";
				SWIFT_EMIT_LOC_STRINGS = YES;
				SWIFT_VERSION = 5.0;
				TARGETED_DEVICE_FAMILY = "1,2";
			};
			name = Release;
		};
/* End XCBuildConfiguration section */

/* Begin XCConfigurationList section */
		6E9A39F02C5CE63F00C85781 /* Build configuration list for PBXProject "swiftuifirebasestudy" */ = {
			isa = XCConfigurationList;
			buildConfigurations = (
				6E9A3A012C5CE64200C85781 /* Debug */,
				6E9A3A022C5CE64200C85781 /* Release */,
			);
			defaultConfigurationIsVisible = 0;
			defaultConfigurationName = Release;
		};
		6E9A3A032C5CE64200C85781 /* Build configuration list for PBXNativeTarget "swiftuifirebasestudy" */ = {
			isa = XCConfigurationList;
			buildConfigurations = (
				6E9A3A042C5CE64200C85781 /* Debug */,
				6E9A3A052C5CE64200C85781 /* Release */,
			);
			defaultConfigurationIsVisible = 0;
			defaultConfigurationName = Release;
		};
/* End XCConfigurationList section */

/* Begin XCRemoteSwiftPackageReference section */
		6E9A3A062C5CE92C00C85781 /* XCRemoteSwiftPackageReference "firebase-ios-sdk" */ = {
			isa = XCRemoteSwiftPackageReference;
			repositoryURL = "https://github.com/firebase/firebase-ios-sdk";
			requirement = {
				kind = upToNextMajorVersion;
				minimumVersion = 11.0.0;
			};
		};
/* End XCRemoteSwiftPackageReference section */

/* Begin XCSwiftPackageProductDependency section */
		6E9A3A072C5CE92C00C85781 /* FirebaseAnalytics */ = {
			isa = XCSwiftPackageProductDependency;
			package = 6E9A3A062C5CE92C00C85781 /* XCRemoteSwiftPackageReference "firebase-ios-sdk" */;
			productName = FirebaseAnalytics;
		};
		6E9A3A092C5CE92C00C85781 /* FirebaseAnalyticsOnDeviceConversion */ = {
			isa = XCSwiftPackageProductDependency;
			package = 6E9A3A062C5CE92C00C85781 /* XCRemoteSwiftPackageReference "firebase-ios-sdk" */;
			productName = FirebaseAnalyticsOnDeviceConversion;
		};
		6E9A3A0B2C5CE92C00C85781 /* FirebaseAnalyticsWithoutAdIdSupport */ = {
			isa = XCSwiftPackageProductDependency;
			package = 6E9A3A062C5CE92C00C85781 /* XCRemoteSwiftPackageReference "firebase-ios-sdk" */;
			productName = FirebaseAnalyticsWithoutAdIdSupport;
		};
		6E9A3A0D2C5CE92C00C85781 /* FirebaseAppCheck */ = {
			isa = XCSwiftPackageProductDependency;
			package = 6E9A3A062C5CE92C00C85781 /* XCRemoteSwiftPackageReference "firebase-ios-sdk" */;
			productName = FirebaseAppCheck;
		};
		6E9A3A0F2C5CE92C00C85781 /* FirebaseAppDistribution-Beta */ = {
			isa = XCSwiftPackageProductDependency;
			package = 6E9A3A062C5CE92C00C85781 /* XCRemoteSwiftPackageReference "firebase-ios-sdk" */;
			productName = "FirebaseAppDistribution-Beta";
		};
		6E9A3A112C5CE92C00C85781 /* FirebaseAuth */ = {
			isa = XCSwiftPackageProductDependency;
			package = 6E9A3A062C5CE92C00C85781 /* XCRemoteSwiftPackageReference "firebase-ios-sdk" */;
			productName = FirebaseAuth;
		};
		6E9A3A132C5CE92C00C85781 /* FirebaseAuthCombine-Community */ = {
			isa = XCSwiftPackageProductDependency;
			package = 6E9A3A062C5CE92C00C85781 /* XCRemoteSwiftPackageReference "firebase-ios-sdk" */;
			productName = "FirebaseAuthCombine-Community";
		};
		6E9A3A152C5CE92C00C85781 /* FirebaseCrashlytics */ = {
			isa = XCSwiftPackageProductDependency;
			package = 6E9A3A062C5CE92C00C85781 /* XCRemoteSwiftPackageReference "firebase-ios-sdk" */;
			productName = FirebaseCrashlytics;
		};
		6E9A3A172C5CE92C00C85781 /* FirebaseDatabase */ = {
			isa = XCSwiftPackageProductDependency;
			package = 6E9A3A062C5CE92C00C85781 /* XCRemoteSwiftPackageReference "firebase-ios-sdk" */;
			productName = FirebaseDatabase;
		};
		6E9A3A192C5CE92C00C85781 /* FirebaseDynamicLinks */ = {
			isa = XCSwiftPackageProductDependency;
			package = 6E9A3A062C5CE92C00C85781 /* XCRemoteSwiftPackageReference "firebase-ios-sdk" */;
			productName = FirebaseDynamicLinks;
		};
		6E9A3A1B2C5CE92C00C85781 /* FirebaseFirestore */ = {
			isa = XCSwiftPackageProductDependency;
			package = 6E9A3A062C5CE92C00C85781 /* XCRemoteSwiftPackageReference "firebase-ios-sdk" */;
			productName = FirebaseFirestore;
		};
		6E9A3A1D2C5CE92C00C85781 /* FirebaseFirestoreCombine-Community */ = {
			isa = XCSwiftPackageProductDependency;
			package = 6E9A3A062C5CE92C00C85781 /* XCRemoteSwiftPackageReference "firebase-ios-sdk" */;
			productName = "FirebaseFirestoreCombine-Community";
		};
		6E9A3A1F2C5CE92C00C85781 /* FirebaseFunctions */ = {
			isa = XCSwiftPackageProductDependency;
			package = 6E9A3A062C5CE92C00C85781 /* XCRemoteSwiftPackageReference "firebase-ios-sdk" */;
			productName = FirebaseFunctions;
		};
		6E9A3A212C5CE92C00C85781 /* FirebaseFunctionsCombine-Community */ = {
			isa = XCSwiftPackageProductDependency;
			package = 6E9A3A062C5CE92C00C85781 /* XCRemoteSwiftPackageReference "firebase-ios-sdk" */;
			productName = "FirebaseFunctionsCombine-Community";
		};
		6E9A3A232C5CE92C00C85781 /* FirebaseInAppMessaging-Beta */ = {
			isa = XCSwiftPackageProductDependency;
			package = 6E9A3A062C5CE92C00C85781 /* XCRemoteSwiftPackageReference "firebase-ios-sdk" */;
			productName = "FirebaseInAppMessaging-Beta";
		};
		6E9A3A252C5CE92C00C85781 /* FirebaseInstallations */ = {
			isa = XCSwiftPackageProductDependency;
			package = 6E9A3A062C5CE92C00C85781 /* XCRemoteSwiftPackageReference "firebase-ios-sdk" */;
			productName = FirebaseInstallations;
		};
		6E9A3A272C5CE92C00C85781 /* FirebaseMLModelDownloader */ = {
			isa = XCSwiftPackageProductDependency;
			package = 6E9A3A062C5CE92C00C85781 /* XCRemoteSwiftPackageReference "firebase-ios-sdk" */;
			productName = FirebaseMLModelDownloader;
		};
		6E9A3A292C5CE92C00C85781 /* FirebaseMessaging */ = {
			isa = XCSwiftPackageProductDependency;
			package = 6E9A3A062C5CE92C00C85781 /* XCRemoteSwiftPackageReference "firebase-ios-sdk" */;
			productName = FirebaseMessaging;
		};
		6E9A3A2B2C5CE92C00C85781 /* FirebasePerformance */ = {
			isa = XCSwiftPackageProductDependency;
			package = 6E9A3A062C5CE92C00C85781 /* XCRemoteSwiftPackageReference "firebase-ios-sdk" */;
			productName = FirebasePerformance;
		};
		6E9A3A2D2C5CE92C00C85781 /* FirebaseRemoteConfig */ = {
			isa = XCSwiftPackageProductDependency;
			package = 6E9A3A062C5CE92C00C85781 /* XCRemoteSwiftPackageReference "firebase-ios-sdk" */;
			productName = FirebaseRemoteConfig;
		};
		6E9A3A2F2C5CE92C00C85781 /* FirebaseStorage */ = {
			isa = XCSwiftPackageProductDependency;
			package = 6E9A3A062C5CE92C00C85781 /* XCRemoteSwiftPackageReference "firebase-ios-sdk" */;
			productName = FirebaseStorage;
		};
		6E9A3A312C5CE92C00C85781 /* FirebaseStorageCombine-Community */ = {
			isa = XCSwiftPackageProductDependency;
			package = 6E9A3A062C5CE92C00C85781 /* XCRemoteSwiftPackageReference "firebase-ios-sdk" */;
			productName = "FirebaseStorageCombine-Community";
		};
		6E9A3A332C5CE92C00C85781 /* FirebaseVertexAI-Preview */ = {
			isa = XCSwiftPackageProductDependency;
			package = 6E9A3A062C5CE92C00C85781 /* XCRemoteSwiftPackageReference "firebase-ios-sdk" */;
			productName = "FirebaseVertexAI-Preview";
		};
/* End XCSwiftPackageProductDependency section */
	};
	rootObject = 6E9A39ED2C5CE63F00C85781 /* Project object */;
}
